
Microsoft Visual Studio Solution File, Format Version 12.00
# Visual Studio Version 17
VisualStudioVersion = 17.0.31919.166
MinimumVisualStudioVersion = 10.0.40219.1
Project("{2150E333-8FDC-42A3-9474-1A3956D46DE8}") = "src", "src", "{78305FFE-6A4E-4DA9-8056-8EFD5E24D9B5}"
EndProject
Project("{9A19103F-16F7-4668-BE54-9A1E7A4F7556}") = "WebApi", "src\WebApi\WebApi.csproj", "{E3B1FA6F-5BA2-4F40-A20A-94830864DFF8}"
EndProject
Project("{9A19103F-16F7-4668-BE54-9A1E7A4F7556}") = "ApplicationCore", "src\ApplicationCore\ApplicationCore.csproj", "{16E224EA-7FAA-4DC6-B437-09A2E52E6C76}"
EndProject
Project("{9A19103F-16F7-4668-BE54-9A1E7A4F7556}") = "Infrastructure", "src\Infrastructure\Infrastructure.csproj", "{A308170D-D2E7-41F4-9A36-0E0190A03849}"
EndProject
Project("{2150E333-8FDC-42A3-9474-1A3956D46DE8}") = "tests", "tests", "{AC6543CB-1284-4458-8FE8-292B332EFA20}"
EndProject
Project("{9A19103F-16F7-4668-BE54-9A1E7A4F7556}") = "FunctionalTests", "tests\IntegrationTests\FunctionalTests.csproj", "{7F4CCC2C-5E60-486C-809A-DDB8557805EF}"
EndProject
Project("{9A19103F-16F7-4668-BE54-9A1E7A4F7556}") = "UnitTests", "tests\UnitTests\UnitTests.csproj", "{D6C9829D-F5AD-40BF-8D67-855047DE6E02}"
EndProject
Global
	GlobalSection(SolutionConfigurationPlatforms) = preSolution
		Debug|Any CPU = Debug|Any CPU
		Release|Any CPU = Release|Any CPU
	EndGlobalSection
	GlobalSection(ProjectConfigurationPlatforms) = postSolution
		{E3B1FA6F-5BA2-4F40-A20A-94830864DFF8}.Debug|Any CPU.ActiveCfg = Debug|Any CPU
		{E3B1FA6F-5BA2-4F40-A20A-94830864DFF8}.Debug|Any CPU.Build.0 = Debug|Any CPU
		{E3B1FA6F-5BA2-4F40-A20A-94830864DFF8}.Release|Any CPU.ActiveCfg = Release|Any CPU
		{E3B1FA6F-5BA2-4F40-A20A-94830864DFF8}.Release|Any CPU.Build.0 = Release|Any CPU
		{16E224EA-7FAA-4DC6-B437-09A2E52E6C76}.Debug|Any CPU.ActiveCfg = Debug|Any CPU
		{16E224EA-7FAA-4DC6-B437-09A2E52E6C76}.Debug|Any CPU.Build.0 = Debug|Any CPU
		{16E224EA-7FAA-4DC6-B437-09A2E52E6C76}.Release|Any CPU.ActiveCfg = Release|Any CPU
		{16E224EA-7FAA-4DC6-B437-09A2E52E6C76}.Release|Any CPU.Build.0 = Release|Any CPU
		{A308170D-D2E7-41F4-9A36-0E0190A03849}.Debug|Any CPU.ActiveCfg = Debug|Any CPU
		{A308170D-D2E7-41F4-9A36-0E0190A03849}.Debug|Any CPU.Build.0 = Debug|Any CPU
		{A308170D-D2E7-41F4-9A36-0E0190A03849}.Release|Any CPU.ActiveCfg = Release|Any CPU
		{A308170D-D2E7-41F4-9A36-0E0190A03849}.Release|Any CPU.Build.0 = Release|Any CPU
		{7F4CCC2C-5E60-486C-809A-DDB8557805EF}.Debug|Any CPU.ActiveCfg = Debug|Any CPU
		{7F4CCC2C-5E60-486C-809A-DDB8557805EF}.Debug|Any CPU.Build.0 = Debug|Any CPU
		{7F4CCC2C-5E60-486C-809A-DDB8557805EF}.Release|Any CPU.ActiveCfg = Release|Any CPU
		{7F4CCC2C-5E60-486C-809A-DDB8557805EF}.Release|Any CPU.Build.0 = Release|Any CPU
		{D6C9829D-F5AD-40BF-8D67-855047DE6E02}.Debug|Any CPU.ActiveCfg = Debug|Any CPU
		{D6C9829D-F5AD-40BF-8D67-855047DE6E02}.Debug|Any CPU.Build.0 = Debug|Any CPU
		{D6C9829D-F5AD-40BF-8D67-855047DE6E02}.Release|Any CPU.ActiveCfg = Release|Any CPU
		{D6C9829D-F5AD-40BF-8D67-855047DE6E02}.Release|Any CPU.Build.0 = Release|Any CPU
	EndGlobalSection
	GlobalSection(SolutionProperties) = preSolution
		HideSolutionNode = FALSE
	EndGlobalSection
	GlobalSection(NestedProjects) = preSolution
		{E3B1FA6F-5BA2-4F40-A20A-94830864DFF8} = {78305FFE-6A4E-4DA9-8056-8EFD5E24D9B5}
		{16E224EA-7FAA-4DC6-B437-09A2E52E6C76} = {78305FFE-6A4E-4DA9-8056-8EFD5E24D9B5}
		{A308170D-D2E7-41F4-9A36-0E0190A03849} = {78305FFE-6A4E-4DA9-8056-8EFD5E24D9B5}
		{7F4CCC2C-5E60-486C-809A-DDB8557805EF} = {AC6543CB-1284-4458-8FE8-292B332EFA20}
		{D6C9829D-F5AD-40BF-8D67-855047DE6E02} = {AC6543CB-1284-4458-8FE8-292B332EFA20}
	EndGlobalSection
	GlobalSection(ExtensibilityGlobals) = postSolution
		SolutionGuid = {AF316FBA-EA14-416C-B249-D6D52F4D327F}
	EndGlobalSection
EndGlobal
